
Microsoft Visual Studio Solution File, Format Version 12.00
Project("{FAE04EC0-301F-11D3-BF4B-00C04F79EFBC}") = "VideoReader", "src\VideoReader\VideoReader.csproj", "{20CBB7E9-1047-4446-90BC-FE25217FC31A}"
EndProject
Project("{FAE04EC0-301F-11D3-BF4B-00C04F79EFBC}") = "VideoReader.UnitTests", "test\VideoReader.UnitTests\VideoReader.UnitTests.csproj", "{D73B81AA-CFFD-4F6E-82B8-C773DC0C58C4}"
EndProject
Project("{2150E333-8FDC-42A3-9474-1A3956D46DE8}") = "Solution Items", "Solution Items", "{DB55C5B2-E2EE-4F7C-84EF-604699494406}"
	ProjectSection(SolutionItems) = preProject
		.gitignore = .gitignore
		omnisharp.json = omnisharp.json
		README.md = README.md
		samconfig.toml = samconfig.toml
		template.yaml = template.yaml
		.github\workflows\dotnet.yml = .github\workflows\dotnet.yml
	EndProjectSection
EndProject
Project("{FAE04EC0-301F-11D3-BF4B-00C04F79EFBC}") = "Integrations", "Integrations\Integrations.csproj", "{1CE200B4-1E75-4016-8261-CA3283C409A1}"
EndProject
Global
	GlobalSection(SolutionConfigurationPlatforms) = preSolution
		Debug|Any CPU = Debug|Any CPU
		Release|Any CPU = Release|Any CPU
	EndGlobalSection
	GlobalSection(ProjectConfigurationPlatforms) = postSolution
		{20CBB7E9-1047-4446-90BC-FE25217FC31A}.Debug|Any CPU.ActiveCfg = Debug|Any CPU
		{20CBB7E9-1047-4446-90BC-FE25217FC31A}.Debug|Any CPU.Build.0 = Debug|Any CPU
		{20CBB7E9-1047-4446-90BC-FE25217FC31A}.Release|Any CPU.ActiveCfg = Release|Any CPU
		{20CBB7E9-1047-4446-90BC-FE25217FC31A}.Release|Any CPU.Build.0 = Release|Any CPU
		{D73B81AA-CFFD-4F6E-82B8-C773DC0C58C4}.Debug|Any CPU.ActiveCfg = Debug|Any CPU
		{D73B81AA-CFFD-4F6E-82B8-C773DC0C58C4}.Debug|Any CPU.Build.0 = Debug|Any CPU
		{D73B81AA-CFFD-4F6E-82B8-C773DC0C58C4}.Release|Any CPU.ActiveCfg = Release|Any CPU
		{D73B81AA-CFFD-4F6E-82B8-C773DC0C58C4}.Release|Any CPU.Build.0 = Release|Any CPU
		{1CE200B4-1E75-4016-8261-CA3283C409A1}.Debug|Any CPU.ActiveCfg = Debug|Any CPU
		{1CE200B4-1E75-4016-8261-CA3283C409A1}.Debug|Any CPU.Build.0 = Debug|Any CPU
		{1CE200B4-1E75-4016-8261-CA3283C409A1}.Release|Any CPU.ActiveCfg = Release|Any CPU
		{1CE200B4-1E75-4016-8261-CA3283C409A1}.Release|Any CPU.Build.0 = Release|Any CPU
	EndGlobalSection
EndGlobal
